
Microsoft Visual Studio Solution File, Format Version 12.00
# Visual Studio Version 17
VisualStudioVersion = 17.14.37216.2 d17.14
MinimumVisualStudioVersion = 10.0.40219.1
Project("{FAE04EC0-301F-11D3-BF4B-00C04F79EFBC}") = "FundAdministration.API", "FundAdministration.API.csproj", "{045E62DE-49C9-4BC4-854D-ADA3ECA10862}"
EndProject
Project("{FAE04EC0-301F-11D3-BF4B-00C04F79EFBC}") = "FundAdministration.Domain", "..\FundAdministration.Domain\FundAdministration.Domain.csproj", "{60A3C639-789A-4640-85D5-B6FAFA26FE1E}"
EndProject
Project("{FAE04EC0-301F-11D3-BF4B-00C04F79EFBC}") = "FundAdministration.Application", "..\FundAdministration.Application\FundAdministration.Application.csproj", "{72761F0C-2CD4-4F0B-AC2C-5E300D3A9A34}"
EndProject
Project("{FAE04EC0-301F-11D3-BF4B-00C04F79EFBC}") = "FundAdministration.Infrastructure", "..\FundAdministration.Infrastructure\FundAdministration.Infrastructure.csproj", "{52A21A80-F663-4D8A-8BCB-8A898AE6C394}"
EndProject
Project("{FAE04EC0-301F-11D3-BF4B-00C04F79EFBC}") = "FundAdministration.Tests", "..\FundAdministration.Tests\FundAdministration.Tests.csproj", "{BBB2315F-8399-4F15-BFBE-2E4962105627}"
EndProject
Global
	GlobalSection(SolutionConfigurationPlatforms) = preSolution
		Debug|Any CPU = Debug|Any CPU
		Release|Any CPU = Release|Any CPU
	EndGlobalSection
	GlobalSection(ProjectConfigurationPlatforms) = postSolution
		{045E62DE-49C9-4BC4-854D-ADA3ECA10862}.Debug|Any CPU.ActiveCfg = Debug|Any CPU
		{045E62DE-49C9-4BC4-854D-ADA3ECA10862}.Debug|Any CPU.Build.0 = Debug|Any CPU
		{045E62DE-49C9-4BC4-854D-ADA3ECA10862}.Release|Any CPU.ActiveCfg = Release|Any CPU
		{045E62DE-49C9-4BC4-854D-ADA3ECA10862}.Release|Any CPU.Build.0 = Release|Any CPU
		{60A3C639-789A-4640-85D5-B6FAFA26FE1E}.Debug|Any CPU.ActiveCfg = Debug|Any CPU
		{60A3C639-789A-4640-85D5-B6FAFA26FE1E}.Debug|Any CPU.Build.0 = Debug|Any CPU
		{60A3C639-789A-4640-85D5-B6FAFA26FE1E}.Release|Any CPU.ActiveCfg = Release|Any CPU
		{60A3C639-789A-4640-85D5-B6FAFA26FE1E}.Release|Any CPU.Build.0 = Release|Any CPU
		{72761F0C-2CD4-4F0B-AC2C-5E300D3A9A34}.Debug|Any CPU.ActiveCfg = Debug|Any CPU
		{72761F0C-2CD4-4F0B-AC2C-5E300D3A9A34}.Debug|Any CPU.Build.0 = Debug|Any CPU
		{72761F0C-2CD4-4F0B-AC2C-5E300D3A9A34}.Release|Any CPU.ActiveCfg = Release|Any CPU
		{72761F0C-2CD4-4F0B-AC2C-5E300D3A9A34}.Release|Any CPU.Build.0 = Release|Any CPU
		{52A21A80-F663-4D8A-8BCB-8A898AE6C394}.Debug|Any CPU.ActiveCfg = Debug|Any CPU
		{52A21A80-F663-4D8A-8BCB-8A898AE6C394}.Debug|Any CPU.Build.0 = Debug|Any CPU
		{52A21A80-F663-4D8A-8BCB-8A898AE6C394}.Release|Any CPU.ActiveCfg = Release|Any CPU
		{52A21A80-F663-4D8A-8BCB-8A898AE6C394}.Release|Any CPU.Build.0 = Release|Any CPU
		{BBB2315F-8399-4F15-BFBE-2E4962105627}.Debug|Any CPU.ActiveCfg = Debug|Any CPU
		{BBB2315F-8399-4F15-BFBE-2E4962105627}.Debug|Any CPU.Build.0 = Debug|Any CPU
		{BBB2315F-8399-4F15-BFBE-2E4962105627}.Release|Any CPU.ActiveCfg = Release|Any CPU
		{BBB2315F-8399-4F15-BFBE-2E4962105627}.Release|Any CPU.Build.0 = Release|Any CPU
	EndGlobalSection
	GlobalSection(SolutionProperties) = preSolution
		HideSolutionNode = FALSE
	EndGlobalSection
	GlobalSection(ExtensibilityGlobals) = postSolution
		SolutionGuid = {89B2F76F-7497-4555-837F-137752A21E38}
	EndGlobalSection
EndGlobal
